
Microsoft Visual Studio Solution File, Format Version 12.00
# Visual Studio Version 16
VisualStudioVersion = 16.0.31613.86
MinimumVisualStudioVersion = 10.0.40219.1
Project("{FAE04EC0-301F-11D3-BF4B-00C04F79EFBC}") = "ConsoleApp1", "ConsoleApp1.csproj", "{5E5295D5-11D4-41AB-B8E0-EA8A9624CCC1}"
EndProject
Global
	GlobalSection(SolutionConfigurationPlatforms) = preSolution
		Debug|Any CPU = Debug|Any CPU
		Release|Any CPU = Release|Any CPU
	EndGlobalSection
	GlobalSection(ProjectConfigurationPlatforms) = postSolution
		{5E5295D5-11D4-41AB-B8E0-EA8A9624CCC1}.Debug|Any CPU.ActiveCfg = Debug|Any CPU
		{5E5295D5-11D4-41AB-B8E0-EA8A9624CCC1}.Debug|Any CPU.Build.0 = Debug|Any CPU
		{5E5295D5-11D4-41AB-B8E0-EA8A9624CCC1}.Release|Any CPU.ActiveCfg = Release|Any CPU
		{5E5295D5-11D4-41AB-B8E0-EA8A9624CCC1}.Release|Any CPU.Build.0 = Release|Any CPU
	EndGlobalSection
	GlobalSection(SolutionProperties) = preSolution
		HideSolutionNode = FALSE
	EndGlobalSection
	GlobalSection(ExtensibilityGlobals) = postSolution
		SolutionGuid = {68CB9744-9A7D-4FF2-9395-983249DC2F13}
	EndGlobalSection
EndGlobal
